
Microsoft Visual Studio Solution File, Format Version 12.00
# Visual Studio 15
VisualStudioVersion = 15.0.28010.2046
MinimumVisualStudioVersion = 10.0.40219.1
Project("{FAE04EC0-301F-11D3-BF4B-00C04F79EFBC}") = "StickyAntsBitSet", "StickyAntsBitSet\StickyAntsBitSet.csproj", "{9E8F51D1-AB1D-480D-AF4A-89ACFF3152A6}"
EndProject
Project("{FAE04EC0-301F-11D3-BF4B-00C04F79EFBC}") = "StickyAntsBitSetTests", "StickyAntsBitSetTests\StickyAntsBitSetTests.csproj", "{D16BB809-BCAD-4D57-A678-BA9A02C1CF04}"
EndProject
Global
	GlobalSection(SolutionConfigurationPlatforms) = preSolution
		Debug|Any CPU = Debug|Any CPU
		Release|Any CPU = Release|Any CPU
	EndGlobalSection
	GlobalSection(ProjectConfigurationPlatforms) = postSolution
		{9E8F51D1-AB1D-480D-AF4A-89ACFF3152A6}.Debug|Any CPU.ActiveCfg = Debug|Any CPU
		{9E8F51D1-AB1D-480D-AF4A-89ACFF3152A6}.Debug|Any CPU.Build.0 = Debug|Any CPU
		{9E8F51D1-AB1D-480D-AF4A-89ACFF3152A6}.Release|Any CPU.ActiveCfg = Release|Any CPU
		{9E8F51D1-AB1D-480D-AF4A-89ACFF3152A6}.Release|Any CPU.Build.0 = Release|Any CPU
		{D16BB809-BCAD-4D57-A678-BA9A02C1CF04}.Debug|Any CPU.ActiveCfg = Debug|Any CPU
		{D16BB809-BCAD-4D57-A678-BA9A02C1CF04}.Debug|Any CPU.Build.0 = Debug|Any CPU
		{D16BB809-BCAD-4D57-A678-BA9A02C1CF04}.Release|Any CPU.ActiveCfg = Release|Any CPU
		{D16BB809-BCAD-4D57-A678-BA9A02C1CF04}.Release|Any CPU.Build.0 = Release|Any CPU
	EndGlobalSection
	GlobalSection(SolutionProperties) = preSolution
		HideSolutionNode = FALSE
	EndGlobalSection
	GlobalSection(ExtensibilityGlobals) = postSolution
		SolutionGuid = {1564A73D-E344-4106-8FD6-C6FDCD57B24F}
	EndGlobalSection
EndGlobal
